{
  "lockfileVersion": 1,
  "configVersion": 1,
  "workspaces": {
    "": {
      "name": "koubo-clip",
      "dependencies": {
        "gsap": "^3.15.0",
      },
    },
  },
  "packages": {
    "gsap": ["gsap@3.15.0", "https://registry.npmmirror.com/gsap/-/gsap-3.15.0.tgz", {}, "sha512-dMW4CWBTUK1AEEDeZc1g4xpPGIrSf9fJF960qbTZmN/QwZIWY5wgliS6JWl9/25fpTGJrMRtSjGtOmPnfjZB+A=="],
  }
}
